
Microsoft Visual Studio Solution File, Format Version 12.00
# Visual Studio Version 17
VisualStudioVersion = 17.7.34031.279
MinimumVisualStudioVersion = 10.0.40219.1
Project("{FAE04EC0-301F-11D3-BF4B-00C04F79EFBC}") = "PLF 2 - DesignPattern", "PLF 2 - DesignPattern.csproj", "{F780707B-6CF3-44F3-9E7E-09C96FAB36C1}"
EndProject
Global
	GlobalSection(SolutionConfigurationPlatforms) = preSolution
		Debug|Any CPU = Debug|Any CPU
		Release|Any CPU = Release|Any CPU
	EndGlobalSection
	GlobalSection(ProjectConfigurationPlatforms) = postSolution
		{F780707B-6CF3-44F3-9E7E-09C96FAB36C1}.Debug|Any CPU.ActiveCfg = Debug|Any CPU
		{F780707B-6CF3-44F3-9E7E-09C96FAB36C1}.Debug|Any CPU.Build.0 = Debug|Any CPU
		{F780707B-6CF3-44F3-9E7E-09C96FAB36C1}.Release|Any CPU.ActiveCfg = Release|Any CPU
		{F780707B-6CF3-44F3-9E7E-09C96FAB36C1}.Release|Any CPU.Build.0 = Release|Any CPU
	EndGlobalSection
	GlobalSection(SolutionProperties) = preSolution
		HideSolutionNode = FALSE
	EndGlobalSection
	GlobalSection(ExtensibilityGlobals) = postSolution
		SolutionGuid = {A65C88A0-6F81-4A5D-85D4-32D55000AE86}
	EndGlobalSection
EndGlobal
